
Microsoft Visual Studio Solution File, Format Version 12.00
# Visual Studio Version 16
VisualStudioVersion = 16.0.29806.167
MinimumVisualStudioVersion = 10.0.40219.1
Project("{FAE04EC0-301F-11D3-BF4B-00C04F79EFBC}") = "Global Sars-COV-2", "Global Sars-COV-2\Global Sars-COV-2.csproj", "{ECBBA75B-EBDF-4E7F-BC0C-D294E583F67D}"
EndProject
Global
	GlobalSection(SolutionConfigurationPlatforms) = preSolution
		Debug|Any CPU = Debug|Any CPU
		Release|Any CPU = Release|Any CPU
	EndGlobalSection
	GlobalSection(ProjectConfigurationPlatforms) = postSolution
		{ECBBA75B-EBDF-4E7F-BC0C-D294E583F67D}.Debug|Any CPU.ActiveCfg = Debug|Any CPU
		{ECBBA75B-EBDF-4E7F-BC0C-D294E583F67D}.Debug|Any CPU.Build.0 = Debug|Any CPU
		{ECBBA75B-EBDF-4E7F-BC0C-D294E583F67D}.Release|Any CPU.ActiveCfg = Release|Any CPU
		{ECBBA75B-EBDF-4E7F-BC0C-D294E583F67D}.Release|Any CPU.Build.0 = Release|Any CPU
	EndGlobalSection
	GlobalSection(SolutionProperties) = preSolution
		HideSolutionNode = FALSE
	EndGlobalSection
	GlobalSection(ExtensibilityGlobals) = postSolution
		SolutionGuid = {B77725CC-DC01-4CD5-B991-B6DB27466B23}
	EndGlobalSection
EndGlobal
